
Microsoft Visual Studio Solution File, Format Version 12.00
# Visual Studio Version 17
VisualStudioVersion = 17.7.34031.279
MinimumVisualStudioVersion = 10.0.40219.1
Project("{FAE04EC0-301F-11D3-BF4B-00C04F79EFBC}") = "Interfaces", "Interfaces and ICromparer\Interfaces.csproj", "{B65CAF8A-2923-40CF-9069-BD79F3164D3B}"
EndProject
Project("{FAE04EC0-301F-11D3-BF4B-00C04F79EFBC}") = "Comparer", "Comparer\Comparer.csproj", "{D25A9AA7-44BA-4A0A-AB5F-5A3F0E0A651D}"
EndProject
Project("{FAE04EC0-301F-11D3-BF4B-00C04F79EFBC}") = "Uzduotys", "Uzduotys\Uzduotys.csproj", "{637FED67-FF01-498F-8E6A-053A4371AB01}"
EndProject
Global
	GlobalSection(SolutionConfigurationPlatforms) = preSolution
		Debug|Any CPU = Debug|Any CPU
		Release|Any CPU = Release|Any CPU
	EndGlobalSection
	GlobalSection(ProjectConfigurationPlatforms) = postSolution
		{B65CAF8A-2923-40CF-9069-BD79F3164D3B}.Debug|Any CPU.ActiveCfg = Debug|Any CPU
		{B65CAF8A-2923-40CF-9069-BD79F3164D3B}.Debug|Any CPU.Build.0 = Debug|Any CPU
		{B65CAF8A-2923-40CF-9069-BD79F3164D3B}.Release|Any CPU.ActiveCfg = Release|Any CPU
		{B65CAF8A-2923-40CF-9069-BD79F3164D3B}.Release|Any CPU.Build.0 = Release|Any CPU
		{D25A9AA7-44BA-4A0A-AB5F-5A3F0E0A651D}.Debug|Any CPU.ActiveCfg = Debug|Any CPU
		{D25A9AA7-44BA-4A0A-AB5F-5A3F0E0A651D}.Debug|Any CPU.Build.0 = Debug|Any CPU
		{D25A9AA7-44BA-4A0A-AB5F-5A3F0E0A651D}.Release|Any CPU.ActiveCfg = Release|Any CPU
		{D25A9AA7-44BA-4A0A-AB5F-5A3F0E0A651D}.Release|Any CPU.Build.0 = Release|Any CPU
		{637FED67-FF01-498F-8E6A-053A4371AB01}.Debug|Any CPU.ActiveCfg = Debug|Any CPU
		{637FED67-FF01-498F-8E6A-053A4371AB01}.Debug|Any CPU.Build.0 = Debug|Any CPU
		{637FED67-FF01-498F-8E6A-053A4371AB01}.Release|Any CPU.ActiveCfg = Release|Any CPU
		{637FED67-FF01-498F-8E6A-053A4371AB01}.Release|Any CPU.Build.0 = Release|Any CPU
	EndGlobalSection
	GlobalSection(SolutionProperties) = preSolution
		HideSolutionNode = FALSE
	EndGlobalSection
	GlobalSection(ExtensibilityGlobals) = postSolution
		SolutionGuid = {BEE5510B-6675-4D47-9128-AD5AC4FA1EFA}
	EndGlobalSection
EndGlobal
